
Microsoft Visual Studio Solution File, Format Version 11.00
# Visual Studio 2010
Project("{FAE04EC0-301F-11D3-BF4B-00C04F79EFBC}") = "Colision2D", "Assembly-CSharp.csproj", "{D90A21CB-9431-A04D-454B-F331B63B474E}"
EndProject
Global
	GlobalSection(SolutionConfigurationPlatforms) = preSolution
		Debug|Any CPU = Debug|Any CPU
		Release|Any CPU = Release|Any CPU
	EndGlobalSection
	GlobalSection(ProjectConfigurationPlatforms) = postSolution
		{D90A21CB-9431-A04D-454B-F331B63B474E}.Debug|Any CPU.ActiveCfg = Debug|Any CPU
		{D90A21CB-9431-A04D-454B-F331B63B474E}.Debug|Any CPU.Build.0 = Debug|Any CPU
		{D90A21CB-9431-A04D-454B-F331B63B474E}.Release|Any CPU.ActiveCfg = Release|Any CPU
		{D90A21CB-9431-A04D-454B-F331B63B474E}.Release|Any CPU.Build.0 = Release|Any CPU
	EndGlobalSection
	GlobalSection(SolutionProperties) = preSolution
		HideSolutionNode = FALSE
	EndGlobalSection
	GlobalSection(MonoDevelopProperties) = preSolution
		StartupItem = Assembly-CSharp.csproj
	EndGlobalSection
EndGlobal
